
Microsoft Visual Studio Solution File, Format Version 12.00
# Visual Studio Version 16
VisualStudioVersion = 16.0.31105.61
MinimumVisualStudioVersion = 10.0.40219.1
Project("{FAE04EC0-301F-11D3-BF4B-00C04F79EFBC}") = "WebApplication1", "WebApplication1\WebApplication1.csproj", "{163E806D-F5BE-4FC0-B4E9-39DC32DCB9C9}"
EndProject
Global
	GlobalSection(SolutionConfigurationPlatforms) = preSolution
		Debug|Any CPU = Debug|Any CPU
		Release|Any CPU = Release|Any CPU
	EndGlobalSection
	GlobalSection(ProjectConfigurationPlatforms) = postSolution
		{163E806D-F5BE-4FC0-B4E9-39DC32DCB9C9}.Debug|Any CPU.ActiveCfg = Debug|Any CPU
		{163E806D-F5BE-4FC0-B4E9-39DC32DCB9C9}.Debug|Any CPU.Build.0 = Debug|Any CPU
		{163E806D-F5BE-4FC0-B4E9-39DC32DCB9C9}.Release|Any CPU.ActiveCfg = Release|Any CPU
		{163E806D-F5BE-4FC0-B4E9-39DC32DCB9C9}.Release|Any CPU.Build.0 = Release|Any CPU
	EndGlobalSection
	GlobalSection(SolutionProperties) = preSolution
		HideSolutionNode = FALSE
	EndGlobalSection
	GlobalSection(ExtensibilityGlobals) = postSolution
		SolutionGuid = {DF18B7D6-F54B-4F7D-A578-57FE47B56D46}
	EndGlobalSection
EndGlobal
